
Microsoft Visual Studio Solution File, Format Version 12.00
# Visual Studio Version 17
VisualStudioVersion = 17.13.35828.75 d17.13
MinimumVisualStudioVersion = 10.0.40219.1
Project("{FAE04EC0-301F-11D3-BF4B-00C04F79EFBC}") = "movierec", "movierec.csproj", "{80AA9742-C4CD-4437-ADB5-3FABD61FEAC1}"
EndProject
Global
	GlobalSection(SolutionConfigurationPlatforms) = preSolution
		Debug|Any CPU = Debug|Any CPU
		Release|Any CPU = Release|Any CPU
	EndGlobalSection
	GlobalSection(ProjectConfigurationPlatforms) = postSolution
		{80AA9742-C4CD-4437-ADB5-3FABD61FEAC1}.Debug|Any CPU.ActiveCfg = Debug|Any CPU
		{80AA9742-C4CD-4437-ADB5-3FABD61FEAC1}.Debug|Any CPU.Build.0 = Debug|Any CPU
		{80AA9742-C4CD-4437-ADB5-3FABD61FEAC1}.Release|Any CPU.ActiveCfg = Release|Any CPU
		{80AA9742-C4CD-4437-ADB5-3FABD61FEAC1}.Release|Any CPU.Build.0 = Release|Any CPU
	EndGlobalSection
	GlobalSection(SolutionProperties) = preSolution
		HideSolutionNode = FALSE
	EndGlobalSection
	GlobalSection(ExtensibilityGlobals) = postSolution
		SolutionGuid = {871B791D-F590-481F-8989-F484B2B34D5C}
	EndGlobalSection
EndGlobal
